
Microsoft Visual Studio Solution File, Format Version 12.00
# Visual Studio Version 16
VisualStudioVersion = 16.0.33927.289
MinimumVisualStudioVersion = 10.0.40219.1
Project("{F184B08F-C81C-45F6-A57F-5ABD9991F28F}") = "Final Project", "Final Project.vbproj", "{61016018-924F-4246-A243-7C2C5713842C}"
EndProject
Global
	GlobalSection(SolutionConfigurationPlatforms) = preSolution
		Debug|Any CPU = Debug|Any CPU
		Release|Any CPU = Release|Any CPU
	EndGlobalSection
	GlobalSection(ProjectConfigurationPlatforms) = postSolution
		{61016018-924F-4246-A243-7C2C5713842C}.Debug|Any CPU.ActiveCfg = Debug|Any CPU
		{61016018-924F-4246-A243-7C2C5713842C}.Debug|Any CPU.Build.0 = Debug|Any CPU
		{61016018-924F-4246-A243-7C2C5713842C}.Release|Any CPU.ActiveCfg = Release|Any CPU
		{61016018-924F-4246-A243-7C2C5713842C}.Release|Any CPU.Build.0 = Release|Any CPU
	EndGlobalSection
	GlobalSection(SolutionProperties) = preSolution
		HideSolutionNode = FALSE
	EndGlobalSection
	GlobalSection(ExtensibilityGlobals) = postSolution
		SolutionGuid = {3269680F-60C3-48E5-92B2-29C1654815E7}
	EndGlobalSection
EndGlobal
